
Microsoft Visual Studio Solution File, Format Version 12.00
# Visual Studio 2012
Project("{FAE04EC0-301F-11D3-BF4B-00C04F79EFBC}") = "AirMagicWindows", "AirMagicWindows\AirMagicWindows.csproj", "{EFF6A826-2EDA-40AE-9C13-B40CF3DB2346}"
EndProject
Global
	GlobalSection(SolutionConfigurationPlatforms) = preSolution
		Debug|Any CPU = Debug|Any CPU
		Release|Any CPU = Release|Any CPU
	EndGlobalSection
	GlobalSection(ProjectConfigurationPlatforms) = postSolution
		{EFF6A826-2EDA-40AE-9C13-B40CF3DB2346}.Debug|Any CPU.ActiveCfg = Debug|Any CPU
		{EFF6A826-2EDA-40AE-9C13-B40CF3DB2346}.Debug|Any CPU.Build.0 = Debug|Any CPU
		{EFF6A826-2EDA-40AE-9C13-B40CF3DB2346}.Release|Any CPU.ActiveCfg = Release|Any CPU
		{EFF6A826-2EDA-40AE-9C13-B40CF3DB2346}.Release|Any CPU.Build.0 = Release|Any CPU
	EndGlobalSection
	GlobalSection(SolutionProperties) = preSolution
		HideSolutionNode = FALSE
	EndGlobalSection
EndGlobal
